
Microsoft Visual Studio Solution File, Format Version 12.00
# Visual Studio Version 16
VisualStudioVersion = 16.0.30523.141
MinimumVisualStudioVersion = 10.0.40219.1
Project("{FAE04EC0-301F-11D3-BF4B-00C04F79EFBC}") = "ChatServer", "ChatServer\ChatServer.csproj", "{2A19D324-0C78-4ECC-A0B7-1B0DC33B5448}"
EndProject
Global
	GlobalSection(SolutionConfigurationPlatforms) = preSolution
		Debug|Any CPU = Debug|Any CPU
		Release|Any CPU = Release|Any CPU
	EndGlobalSection
	GlobalSection(ProjectConfigurationPlatforms) = postSolution
		{2A19D324-0C78-4ECC-A0B7-1B0DC33B5448}.Debug|Any CPU.ActiveCfg = Debug|Any CPU
		{2A19D324-0C78-4ECC-A0B7-1B0DC33B5448}.Debug|Any CPU.Build.0 = Debug|Any CPU
		{2A19D324-0C78-4ECC-A0B7-1B0DC33B5448}.Release|Any CPU.ActiveCfg = Release|Any CPU
		{2A19D324-0C78-4ECC-A0B7-1B0DC33B5448}.Release|Any CPU.Build.0 = Release|Any CPU
	EndGlobalSection
	GlobalSection(SolutionProperties) = preSolution
		HideSolutionNode = FALSE
	EndGlobalSection
	GlobalSection(ExtensibilityGlobals) = postSolution
		SolutionGuid = {B0F4C924-2906-4EBB-8AE2-C0F70C634DEA}
	EndGlobalSection
EndGlobal
